// !$*UTF8*$!
{
	archiveVersion = 1;
	classes = {
	};
	objectVersion = 46;
	objects = {

/* Begin PBXBuildFile section */
		6E55B8C51E51DF310046C8BF /* AppDelegate.swift in Sources */ = {isa = PBXBuildFile; fileRef = 6E55B8C41E51DF310046C8BF /* AppDelegate.swift */; };
		6E55B8C71E51DF310046C8BF /* ViewController.swift in Sources */ = {isa = PBXBuildFile; fileRef = 6E55B8C61E51DF310046C8BF /* ViewController.swift */; };
		6E55B8CA1E51DF310046C8BF /* Main.storyboard in Resources */ = {isa = PBXBuildFile; fileRef = 6E55B8C81E51DF310046C8BF /* Main.storyboard */; };
		6E55B8CC1E51DF310046C8BF /* Assets.xcassets in Resources */ = {isa = PBXBuildFile; fileRef = 6E55B8CB1E51DF310046C8BF /* Assets.xcassets */; };
		6E55B8CF1E51DF310046C8BF /* LaunchScreen.storyboard in Resources */ = {isa = PBXBuildFile; fileRef = 6E55B8CD1E51DF310046C8BF /* LaunchScreen.storyboard */; };
		6E55B8DE1E51E0FB0046C8BF /* only_singles.strings in Resources */ = {isa = PBXBuildFile; fileRef = 6E55B8E01E51E0FB0046C8BF /* only_singles.strings */; };
		6E55B8E21E51E1200046C8BF /* and_plurals.strings in Resources */ = {isa = PBXBuildFile; fileRef = 6E55B8E41E51E1200046C8BF /* and_plurals.strings */; };
		6E55B8EB1E51E1DF0046C8BF /* and_plurals.stringsdict in Resources */ = {isa = PBXBuildFile; fileRef = 6E55B8ED1E51E1DF0046C8BF /* and_plurals.stringsdict */; };
/* End PBXBuildFile section */

/* Begin PBXFileReference section */
		6E55B8C11E51DF310046C8BF /* ImportExportExample.app */ = {isa = PBXFileReference; explicitFileType = wrapper.application; includeInIndex = 0; path = ImportExportExample.app; sourceTree = BUILT_PRODUCTS_DIR; };
		6E55B8C41E51DF310046C8BF /* AppDelegate.swift */ = {isa = PBXFileReference; lastKnownFileType = sourcecode.swift; path = AppDelegate.swift; sourceTree = "<group>"; };
		6E55B8C61E51DF310046C8BF /* ViewController.swift */ = {isa = PBXFileReference; lastKnownFileType = sourcecode.swift; path = ViewController.swift; sourceTree = "<group>"; };
		6E55B8C91E51DF310046C8BF /* Base */ = {isa = PBXFileReference; lastKnownFileType = file.storyboard; name = Base; path = Base.lproj/Main.storyboard; sourceTree = "<group>"; };
		6E55B8CB1E51DF310046C8BF /* Assets.xcassets */ = {isa = PBXFileReference; lastKnownFileType = folder.assetcatalog; path = Assets.xcassets; sourceTree = "<group>"; };
		6E55B8CE1E51DF310046C8BF /* Base */ = {isa = PBXFileReference; lastKnownFileType = file.storyboard; name = Base; path = Base.lproj/LaunchScreen.storyboard; sourceTree = "<group>"; };
		6E55B8D01E51DF310046C8BF /* Info.plist */ = {isa = PBXFileReference; lastKnownFileType = text.plist.xml; path = Info.plist; sourceTree = "<group>"; };
		6E55B8D61E51DF4E0046C8BF /* lt */ = {isa = PBXFileReference; lastKnownFileType = text.plist.strings; name = lt; path = lt.lproj/Main.strings; sourceTree = "<group>"; };
		6E55B8D71E51DF4E0046C8BF /* lt */ = {isa = PBXFileReference; lastKnownFileType = text.plist.strings; name = lt; path = lt.lproj/LaunchScreen.strings; sourceTree = "<group>"; };
		6E55B8DF1E51E0FB0046C8BF /* en */ = {isa = PBXFileReference; lastKnownFileType = text.plist.strings; name = en; path = en.lproj/only_singles.strings; sourceTree = "<group>"; };
		6E55B8E11E51E0FD0046C8BF /* lt */ = {isa = PBXFileReference; lastKnownFileType = text.plist.strings; name = lt; path = lt.lproj/only_singles.strings; sourceTree = "<group>"; };
		6E55B8E31E51E1200046C8BF /* en */ = {isa = PBXFileReference; lastKnownFileType = text.plist.strings; name = en; path = en.lproj/and_plurals.strings; sourceTree = "<group>"; };
		6E55B8E51E51E1230046C8BF /* lt */ = {isa = PBXFileReference; lastKnownFileType = text.plist.strings; name = lt; path = lt.lproj/and_plurals.strings; sourceTree = "<group>"; };
		6E55B8EC1E51E1DF0046C8BF /* en */ = {isa = PBXFileReference; lastKnownFileType = text.plist.stringsdict; name = en; path = en.lproj/and_plurals.stringsdict; sourceTree = "<group>"; };
		6E55B8EE1E51E1E20046C8BF /* lt */ = {isa = PBXFileReference; lastKnownFileType = text.plist.stringsdict; name = lt; path = lt.lproj/and_plurals.stringsdict; sourceTree = "<group>"; };
/* End PBXFileReference section */

/* Begin PBXFrameworksBuildPhase section */
		6E55B8BE1E51DF310046C8BF /* Frameworks */ = {
			isa = PBXFrameworksBuildPhase;
			buildActionMask = 2147483647;
			files = (
			);
			runOnlyForDeploymentPostprocessing = 0;
		};
/* End PBXFrameworksBuildPhase section */

/* Begin PBXGroup section */
		6E55B8B81E51DF310046C8BF = {
			isa = PBXGroup;
			children = (
				6E55B8C31E51DF310046C8BF /* ImportExportExample */,
				6E55B8C21E51DF310046C8BF /* Products */,
			);
			sourceTree = "<group>";
		};
		6E55B8C21E51DF310046C8BF /* Products */ = {
			isa = PBXGroup;
			children = (
				6E55B8C11E51DF310046C8BF /* ImportExportExample.app */,
			);
			name = Products;
			sourceTree = "<group>";
		};
		6E55B8C31E51DF310046C8BF /* ImportExportExample */ = {
			isa = PBXGroup;
			children = (
				6E55B8C41E51DF310046C8BF /* AppDelegate.swift */,
				6E55B8C61E51DF310046C8BF /* ViewController.swift */,
				6E55B8C81E51DF310046C8BF /* Main.storyboard */,
				6E55B8CB1E51DF310046C8BF /* Assets.xcassets */,
				6E55B8CD1E51DF310046C8BF /* LaunchScreen.storyboard */,
				6E55B8D01E51DF310046C8BF /* Info.plist */,
				6E55B8E01E51E0FB0046C8BF /* only_singles.strings */,
				6E55B8E41E51E1200046C8BF /* and_plurals.strings */,
				6E55B8ED1E51E1DF0046C8BF /* and_plurals.stringsdict */,
			);
			path = ImportExportExample;
			sourceTree = "<group>";
		};
/* End PBXGroup section */

/* Begin PBXNativeTarget section */
		6E55B8C01E51DF310046C8BF /* ImportExportExample */ = {
			isa = PBXNativeTarget;
			buildConfigurationList = 6E55B8D31E51DF310046C8BF /* Build configuration list for PBXNativeTarget "ImportExportExample" */;
			buildPhases = (
				6E55B8BD1E51DF310046C8BF /* Sources */,
				6E55B8BE1E51DF310046C8BF /* Frameworks */,
				6E55B8BF1E51DF310046C8BF /* Resources */,
			);
			buildRules = (
			);
			dependencies = (
			);
			name = ImportExportExample;
			productName = ImportExportExample;
			productReference = 6E55B8C11E51DF310046C8BF /* ImportExportExample.app */;
			productType = "com.apple.product-type.application";
		};
/* End PBXNativeTarget section */

/* Begin PBXProject section */
		6E55B8B91E51DF310046C8BF /* Project object */ = {
			isa = PBXProject;
			attributes = {
				LastSwiftUpdateCheck = 0810;
				LastUpgradeCheck = 0810;
				ORGANIZATIONNAME = Xlocalize;
				TargetAttributes = {
					6E55B8C01E51DF310046C8BF = {
						CreatedOnToolsVersion = 8.1;
						ProvisioningStyle = Automatic;
					};
				};
			};
			buildConfigurationList = 6E55B8BC1E51DF310046C8BF /* Build configuration list for PBXProject "ImportExportExample" */;
			compatibilityVersion = "Xcode 3.2";
			developmentRegion = English;
			hasScannedForEncodings = 0;
			knownRegions = (
				en,
				Base,
				lt,
			);
			mainGroup = 6E55B8B81E51DF310046C8BF;
			productRefGroup = 6E55B8C21E51DF310046C8BF /* Products */;
			projectDirPath = "";
			projectRoot = "";
			targets = (
				6E55B8C01E51DF310046C8BF /* ImportExportExample */,
			);
		};
/* End PBXProject section */

/* Begin PBXResourcesBuildPhase section */
		6E55B8BF1E51DF310046C8BF /* Resources */ = {
			isa = PBXResourcesBuildPhase;
			buildActionMask = 2147483647;
			files = (
				6E55B8CF1E51DF310046C8BF /* LaunchScreen.storyboard in Resources */,
				6E55B8CC1E51DF310046C8BF /* Assets.xcassets in Resources */,
				6E55B8DE1E51E0FB0046C8BF /* only_singles.strings in Resources */,
				6E55B8E21E51E1200046C8BF /* and_plurals.strings in Resources */,
				6E55B8EB1E51E1DF0046C8BF /* and_plurals.stringsdict in Resources */,
				6E55B8CA1E51DF310046C8BF /* Main.storyboard in Resources */,
			);
			runOnlyForDeploymentPostprocessing = 0;
		};
/* End PBXResourcesBuildPhase section */

/* Begin PBXSourcesBuildPhase section */
		6E55B8BD1E51DF310046C8BF /* Sources */ = {
			isa = PBXSourcesBuildPhase;
			buildActionMask = 2147483647;
			files = (
				6E55B8C71E51DF310046C8BF /* ViewController.swift in Sources */,
				6E55B8C51E51DF310046C8BF /* AppDelegate.swift in Sources */,
			);
			runOnlyForDeploymentPostprocessing = 0;
		};
/* End PBXSourcesBuildPhase section */

/* Begin PBXVariantGroup section */
		6E55B8C81E51DF310046C8BF /* Main.storyboard */ = {
			isa = PBXVariantGroup;
			children = (
				6E55B8C91E51DF310046C8BF /* Base */,
				6E55B8D61E51DF4E0046C8BF /* lt */,
			);
			name = Main.storyboard;
			sourceTree = "<group>";
		};
		6E55B8CD1E51DF310046C8BF /* LaunchScreen.storyboard */ = {
			isa = PBXVariantGroup;
			children = (
				6E55B8CE1E51DF310046C8BF /* Base */,
				6E55B8D71E51DF4E0046C8BF /* lt */,
			);
			name = LaunchScreen.storyboard;
			sourceTree = "<group>";
		};
		6E55B8E01E51E0FB0046C8BF /* only_singles.strings */ = {
			isa = PBXVariantGroup;
			children = (
				6E55B8DF1E51E0FB0046C8BF /* en */,
				6E55B8E11E51E0FD0046C8BF /* lt */,
			);
			name = only_singles.strings;
			sourceTree = "<group>";
		};
		6E55B8E41E51E1200046C8BF /* and_plurals.strings */ = {
			isa = PBXVariantGroup;
			children = (
				6E55B8E31E51E1200046C8BF /* en */,
				6E55B8E51E51E1230046C8BF /* lt */,
			);
			name = and_plurals.strings;
			sourceTree = "<group>";
		};
		6E55B8ED1E51E1DF0046C8BF /* and_plurals.stringsdict */ = {
			isa = PBXVariantGroup;
			children = (
				6E55B8EC1E51E1DF0046C8BF /* en */,
				6E55B8EE1E51E1E20046C8BF /* lt */,
			);
			name = and_plurals.stringsdict;
			sourceTree = "<group>";
		};
/* End PBXVariantGroup section */

/* Begin XCBuildConfiguration section */
		6E55B8D11E51DF310046C8BF /* Debug */ = {
			isa = XCBuildConfiguration;
			buildSettings = {
				ALWAYS_SEARCH_USER_PATHS = NO;
				CLANG_ANALYZER_LOCALIZABILITY_NONLOCALIZED = YES;
				CLANG_ANALYZER_NONNULL = YES;
				CLANG_CXX_LANGUAGE_STANDARD = "gnu++0x";
				CLANG_CXX_LIBRARY = "libc++";
				CLANG_ENABLE_MODULES = YES;
				CLANG_ENABLE_OBJC_ARC = YES;
				CLANG_WARN_BOOL_CONVERSION = YES;
				CLANG_WARN_CONSTANT_CONVERSION = YES;
				CLANG_WARN_DIRECT_OBJC_ISA_USAGE = YES_ERROR;
				CLANG_WARN_DOCUMENTATION_COMMENTS = YES;
				CLANG_WARN_EMPTY_BODY = YES;
				CLANG_WARN_ENUM_CONVERSION = YES;
				CLANG_WARN_INFINITE_RECURSION = YES;
				CLANG_WARN_INT_CONVERSION = YES;
				CLANG_WARN_OBJC_ROOT_CLASS = YES_ERROR;
				CLANG_WARN_SUSPICIOUS_MOVES = YES;
				CLANG_WARN_UNREACHABLE_CODE = YES;
				CLANG_WARN__DUPLICATE_METHOD_MATCH = YES;
				"CODE_SIGN_IDENTITY[sdk=iphoneos*]" = "iPhone Developer";
				COPY_PHASE_STRIP = NO;
				DEBUG_INFORMATION_FORMAT = dwarf;
				ENABLE_STRICT_OBJC_MSGSEND = YES;
				ENABLE_TESTABILITY = YES;
				GCC_C_LANGUAGE_STANDARD = gnu99;
				GCC_DYNAMIC_NO_PIC = NO;
				GCC_NO_COMMON_BLOCKS = YES;
				GCC_OPTIMIZATION_LEVEL = 0;
				GCC_PREPROCESSOR_DEFINITIONS = (
					"DEBUG=1",
					"$(inherited)",
				);
				GCC_WARN_64_TO_32_BIT_CONVERSION = YES;
				GCC_WARN_ABOUT_RETURN_TYPE = YES_ERROR;
				GCC_WARN_UNDECLARED_SELECTOR = YES;
				GCC_WARN_UNINITIALIZED_AUTOS = YES_AGGRESSIVE;
				GCC_WARN_UNUSED_FUNCTION = YES;
				GCC_WARN_UNUSED_VARIABLE = YES;
				IPHONEOS_DEPLOYMENT_TARGET = 10.1;
				MTL_ENABLE_DEBUG_INFO = YES;
				ONLY_ACTIVE_ARCH = YES;
				SDKROOT = iphoneos;
				SWIFT_ACTIVE_COMPILATION_CONDITIONS = DEBUG;
				SWIFT_OPTIMIZATION_LEVEL = "-Onone";
			};
			name = Debug;
		};
		6E55B8D21E51DF310046C8BF /* Release */ = {
			isa = XCBuildConfiguration;
			buildSettings = {
				ALWAYS_SEARCH_USER_PATHS = NO;
				CLANG_ANALYZER_LOCALIZABILITY_NONLOCALIZED = YES;
				CLANG_ANALYZER_NONNULL = YES;
				CLANG_CXX_LANGUAGE_STANDARD = "gnu++0x";
				CLANG_CXX_LIBRARY = "libc++";
				CLANG_ENABLE_MODULES = YES;
				CLANG_ENABLE_OBJC_ARC = YES;
				CLANG_WARN_BOOL_CONVERSION = YES;
				CLANG_WARN_CONSTANT_CONVERSION = YES;
				CLANG_WARN_DIRECT_OBJC_ISA_USAGE = YES_ERROR;
				CLANG_WARN_DOCUMENTATION_COMMENTS = YES;
				CLANG_WARN_EMPTY_BODY = YES;
				CLANG_WARN_ENUM_CONVERSION = YES;
				CLANG_WARN_INFINITE_RECURSION = YES;
				CLANG_WARN_INT_CONVERSION = YES;
				CLANG_WARN_OBJC_ROOT_CLASS = YES_ERROR;
				CLANG_WARN_SUSPICIOUS_MOVES = YES;
				CLANG_WARN_UNREACHABLE_CODE = YES;
				CLANG_WARN__DUPLICATE_METHOD_MATCH = YES;
				"CODE_SIGN_IDENTITY[sdk=iphoneos*]" = "iPhone Developer";
				COPY_PHASE_STRIP = NO;
				DEBUG_INFORMATION_FORMAT = "dwarf-with-dsym";
				ENABLE_NS_ASSERTIONS = NO;
				ENABLE_STRICT_OBJC_MSGSEND = YES;
				GCC_C_LANGUAGE_STANDARD = gnu99;
				GCC_NO_COMMON_BLOCKS = YES;
				GCC_WARN_64_TO_32_BIT_CONVERSION = YES;
				GCC_WARN_ABOUT_RETURN_TYPE = YES_ERROR;
				GCC_WARN_UNDECLARED_SELECTOR = YES;
				GCC_WARN_UNINITIALIZED_AUTOS = YES_AGGRESSIVE;
				GCC_WARN_UNUSED_FUNCTION = YES;
				GCC_WARN_UNUSED_VARIABLE = YES;
				IPHONEOS_DEPLOYMENT_TARGET = 10.1;
				MTL_ENABLE_DEBUG_INFO = NO;
				SDKROOT = iphoneos;
				SWIFT_OPTIMIZATION_LEVEL = "-Owholemodule";
				VALIDATE_PRODUCT = YES;
			};
			name = Release;
		};
		6E55B8D41E51DF310046C8BF /* Debug */ = {
			isa = XCBuildConfiguration;
			buildSettings = {
				ASSETCATALOG_COMPILER_APPICON_NAME = AppIcon;
				INFOPLIST_FILE = ImportExportExample/Info.plist;
				LD_RUNPATH_SEARCH_PATHS = "$(inherited) @executable_path/Frameworks";
				PRODUCT_BUNDLE_IDENTIFIER = com.xlocalize.ImportExportExample;
				PRODUCT_NAME = "$(TARGET_NAME)";
				SWIFT_VERSION = 3.0;
			};
			name = Debug;
		};
		6E55B8D51E51DF310046C8BF /* Release */ = {
			isa = XCBuildConfiguration;
			buildSettings = {
				ASSETCATALOG_COMPILER_APPICON_NAME = AppIcon;
				INFOPLIST_FILE = ImportExportExample/Info.plist;
				LD_RUNPATH_SEARCH_PATHS = "$(inherited) @executable_path/Frameworks";
				PRODUCT_BUNDLE_IDENTIFIER = com.xlocalize.ImportExportExample;
				PRODUCT_NAME = "$(TARGET_NAME)";
				SWIFT_VERSION = 3.0;
			};
			name = Release;
		};
/* End XCBuildConfiguration section */

/* Begin XCConfigurationList section */
		6E55B8BC1E51DF310046C8BF /* Build configuration list for PBXProject "ImportExportExample" */ = {
			isa = XCConfigurationList;
			buildConfigurations = (
				6E55B8D11E51DF310046C8BF /* Debug */,
				6E55B8D21E51DF310046C8BF /* Release */,
			);
			defaultConfigurationIsVisible = 0;
			defaultConfigurationName = Release;
		};
		6E55B8D31E51DF310046C8BF /* Build configuration list for PBXNativeTarget "ImportExportExample" */ = {
			isa = XCConfigurationList;
			buildConfigurations = (
				6E55B8D41E51DF310046C8BF /* Debug */,
				6E55B8D51E51DF310046C8BF /* Release */,
			);
			defaultConfigurationIsVisible = 0;
		};
/* End XCConfigurationList section */
	};
	rootObject = 6E55B8B91E51DF310046C8BF /* Project object */;
}
